
Microsoft Visual Studio Solution File, Format Version 12.00
Project("{FAE04EC0-301F-11D3-BF4B-00C04F79EFBC}") = "Alembic.Development.Bridge", "Alembic.Development.Bridge\Alembic.Development.Bridge.csproj", "{D5454D28-DC53-4796-9F8F-A2384CB51580}"
EndProject
Global
	GlobalSection(SolutionConfigurationPlatforms) = preSolution
		Debug|Any CPU = Debug|Any CPU
		Release|Any CPU = Release|Any CPU
	EndGlobalSection
	GlobalSection(ProjectConfigurationPlatforms) = postSolution
		{D5454D28-DC53-4796-9F8F-A2384CB51580}.Debug|Any CPU.ActiveCfg = Debug|Any CPU
		{D5454D28-DC53-4796-9F8F-A2384CB51580}.Debug|Any CPU.Build.0 = Debug|Any CPU
		{D5454D28-DC53-4796-9F8F-A2384CB51580}.Release|Any CPU.ActiveCfg = Release|Any CPU
		{D5454D28-DC53-4796-9F8F-A2384CB51580}.Release|Any CPU.Build.0 = Release|Any CPU
	EndGlobalSection
EndGlobal
